{
  "name": "mycard",
  "version": "1.0.0",
  "lockfileVersion": 3,
  "requires": true,
  "packages": {
    "": {
      "name": "mycard",
      "version": "1.0.0",
      "license": "ISC",
      "dependencies": {
        "jarallax": "^2.1.3"
      }
    },
    "node_modules/jarallax": {
      "version": "2.1.3",
      "resolved": "https://registry.npmjs.org/jarallax/-/jarallax-2.1.3.tgz",
      "integrity": "sha512-d8+mAnxc2bN/d/PPzG9fl4I5Pbx81dxZTxmjueER2659XD5CfZF7ZCm4sHRx4aEESF/QTesuwT2766Aj+Ne3Ww==",
      "dependencies": {
        "video-worker": "^2.1.5"
      }
    },
    "node_modules/video-worker": {
      "version": "2.1.5",
      "resolved": "https://registry.npmjs.org/video-worker/-/video-worker-2.1.5.tgz",
      "integrity": "sha512-lX6mywHsMeo2fB8smiaffQYpkcBaQh63oVrAsGekAOoIE5dv39YchJhZ6rresiNcJHy+Hv59dd+1yZs08jnFXA=="
    }
  }
}
